[[package]]
name = "arrow"
version = "0.14.7"
description = "Better dates & times for Python"
category = "main"
optional = false
python-versions = ">=2.7, !=3.0.*, !=3.1.*, !=3.2.*, !=3.3.*, !=3.4.*"

[package.dependencies]
python-dateutil = "*"

[[package]]
name = "ics"
version = "0.7"
description = "Python icalendar (rfc5545) parser"
category = "main"
optional = false
python-versions = "*"

[package.dependencies]
arrow = ">=0.11,<0.15"
python-dateutil = "*"
six = ">1.5"
tatsu = ">4.2"

[[package]]
name = "python-dateutil"
version = "2.8.2"
description = "Extensions to the standard Python datetime module"
category = "main"
optional = false
python-versions = "!=3.0.*,!=3.1.*,!=3.2.*,>=2.7"

[package.dependencies]
six = ">=1.5"

[[package]]
name = "six"
version = "1.16.0"
description = "Python 2 and 3 compatibility utilities"
category = "main"
optional = false
python-versions = ">=2.7, !=3.0.*, !=3.1.*, !=3.2.*"

[[package]]
name = "tatsu"
version = "5.8.0"
description = "TatSu takes a grammar in a variation of EBNF as input, and outputs a memoizing PEG/Packrat parser in Python."
category = "main"
optional = false
python-versions = ">=3.10"

[package.extras]
future-regex = ["regex"]

[metadata]
lock-version = "1.1"
python-versions = "^3.10"
content-hash = "fdc8aef151e314b2a67b88e7b23a07ea05286ec09a6d86b6a2309f1c2724a8c4"

[metadata.files]
arrow = [
    {file = "arrow-0.14.7-py2.py3-none-any.whl", hash = "sha256:4bfacea734ead51495dc47df00421ecfd4ca1f2c0fbe58b9a26eaeddedc31caf"},
    {file = "arrow-0.14.7.tar.gz", hash = "sha256:67f8be7c0cf420424bc62d8d7dc40b44e4bb2f7b515f9cc2954fb36e35797656"},
]
ics = [
    {file = "ics-0.7-py2.py3-none-any.whl", hash = "sha256:bf5fbdef6e1e073afdadf1b996f0271186dd114a148e38e795919a1ae644d6ac"},
    {file = "ics-0.7-py3.7.egg", hash = "sha256:3b606205b9582ad27dff77f9b227a30d02fdac532731927fe39df1f1ddf8673f"},
    {file = "ics-0.7.tar.gz", hash = "sha256:81113a2bb3166c1afcd71cd450c968d40efc385601e9d8344733e00ad8f53429"},
]
python-dateutil = [
    {file = "python-dateutil-2.8.2.tar.gz", hash = "sha256:0123cacc1627ae19ddf3c27a5de5bd67ee4586fbdd6440d9748f8abb483d3e86"},
    {file = "python_dateutil-2.8.2-py2.py3-none-any.whl", hash = "sha256:961d03dc3453ebbc59dbdea9e4e11c5651520a876d0f4db161e8674aae935da9"},
]
six = [
    {file = "six-1.16.0-py2.py3-none-any.whl", hash = "sha256:8abb2f1d86890a2dfb989f9a77cfcfd3e47c2a354b01111771326f8aa26e0254"},
    {file = "six-1.16.0.tar.gz", hash = "sha256:1e61c37477a1626458e36f7b1d82aa5c9b094fa4802892072e49de9c60c4c926"},
]
tatsu = [
    {file = "TatSu-5.8.0-py2.py3-none-any.whl", hash = "sha256:93673e6adbbcb088a795a10933f0e6c93060aaff7d744d05292ccfcbf2e1ae5a"},
    {file = "TatSu-5.8.0.zip", hash = "sha256:9efc3a1d7265fb6b82834d4f673fc7f50c4c785754de87f35781d38ad08c404d"},
]
